
Microsoft Visual Studio Solution File, Format Version 12.00
# Visual Studio Version 17
VisualStudioVersion = 17.10.35122.118
MinimumVisualStudioVersion = 10.0.40219.1
Project("{FAE04EC0-301F-11D3-BF4B-00C04F79EFBC}") = "Calculo de la media armonica", "Calculo de la media armonica\Calculo de la media armonica.csproj", "{D05BD5DB-45D9-4229-8A72-E7B2CAB58344}"
EndProject
Global
	GlobalSection(SolutionConfigurationPlatforms) = preSolution
		Debug|Any CPU = Debug|Any CPU
		Release|Any CPU = Release|Any CPU
	EndGlobalSection
	GlobalSection(ProjectConfigurationPlatforms) = postSolution
		{D05BD5DB-45D9-4229-8A72-E7B2CAB58344}.Debug|Any CPU.ActiveCfg = Debug|Any CPU
		{D05BD5DB-45D9-4229-8A72-E7B2CAB58344}.Debug|Any CPU.Build.0 = Debug|Any CPU
		{D05BD5DB-45D9-4229-8A72-E7B2CAB58344}.Release|Any CPU.ActiveCfg = Release|Any CPU
		{D05BD5DB-45D9-4229-8A72-E7B2CAB58344}.Release|Any CPU.Build.0 = Release|Any CPU
	EndGlobalSection
	GlobalSection(SolutionProperties) = preSolution
		HideSolutionNode = FALSE
	EndGlobalSection
	GlobalSection(ExtensibilityGlobals) = postSolution
		SolutionGuid = {CA355DDC-5D89-4B59-B4AD-FDFF9146E186}
	EndGlobalSection
EndGlobal
